
Microsoft Visual Studio Solution File, Format Version 12.00
# Visual Studio Version 17
VisualStudioVersion = 17.5.33424.131
MinimumVisualStudioVersion = 10.0.40219.1
Project("{9A19103F-16F7-4668-BE54-9A1E7A4F7556}") = "CaveOfWonders.Cli", "CaveOfWonders.Cli\CaveOfWonders.Cli.csproj", "{DF5E514A-724F-4E13-A630-14011BBBB61C}"
EndProject
Project("{9A19103F-16F7-4668-BE54-9A1E7A4F7556}") = "CaveOfWonders.Cli.Application", "CaveOfWonders.Cli.Application\CaveOfWonders.Cli.Application.csproj", "{7A19A9F9-FAA4-4413-AD13-DF7111CBD2B7}"
EndProject
Project("{9A19103F-16F7-4668-BE54-9A1E7A4F7556}") = "CaveOfWonders.Domain", "CaveOfWonders.Domain\CaveOfWonders.Domain.csproj", "{9429BBFA-02C2-45FF-B8EA-5E9F195EA15C}"
EndProject
Project("{9A19103F-16F7-4668-BE54-9A1E7A4F7556}") = "CaveOfWonders.Ports.DataAccess", "CaveOfWonders.Ports.DataAccess\CaveOfWonders.Ports.DataAccess.csproj", "{B78F0D30-1178-4D26-80A9-5B51FAC25E9E}"
EndProject
Project("{9A19103F-16F7-4668-BE54-9A1E7A4F7556}") = "CaveOfWonders.Adapters.DataAccess", "CaveOfWonders.DataAccess\CaveOfWonders.Adapters.DataAccess.csproj", "{E3C75DF0-D668-417B-B37F-BCC778A061E7}"
EndProject
Project("{9A19103F-16F7-4668-BE54-9A1E7A4F7556}") = "CaveOfWonders.Cli.Presentation", "CaveOfWonders.Cli.Presentation\CaveOfWonders.Cli.Presentation.csproj", "{8ACA7B8C-2188-48B2-B539-C94880F7E7E0}"
EndProject
Project("{2150E333-8FDC-42A3-9474-1A3956D46DE8}") = "Ports", "Ports", "{C43414A4-F3BF-4EAE-9A52-370952C6109F}"
EndProject
Project("{2150E333-8FDC-42A3-9474-1A3956D46DE8}") = "Adapters", "Adapters", "{DE84EDBF-40C3-4AAD-BED4-2C868C177515}"
EndProject
Project("{2150E333-8FDC-42A3-9474-1A3956D46DE8}") = "App.Cli", "App.Cli", "{7D68841E-86F8-4A32-B6E3-30ABB5DB9FB2}"
EndProject
Project("{FAE04EC0-301F-11D3-BF4B-00C04F79EFBC}") = "CaveOfWonders.Ports.SystemAccess", "CaveOfWonders.Ports.SystemAccess\CaveOfWonders.Ports.SystemAccess.csproj", "{91F1E976-C0AE-4749-A62D-9EAEB0086B7B}"
EndProject
Project("{FAE04EC0-301F-11D3-BF4B-00C04F79EFBC}") = "CaveOfWonders.Adapters.SystemAccess", "CaveOfWonders.Adapters.SystemAccess\CaveOfWonders.Adapters.SystemAccess.csproj", "{83432918-6455-4B38-97FC-FFCBF15ED3F2}"
EndProject
Global
	GlobalSection(SolutionConfigurationPlatforms) = preSolution
		Debug|Any CPU = Debug|Any CPU
		Release|Any CPU = Release|Any CPU
	EndGlobalSection
	GlobalSection(ProjectConfigurationPlatforms) = postSolution
		{DF5E514A-724F-4E13-A630-14011BBBB61C}.Debug|Any CPU.ActiveCfg = Debug|Any CPU
		{DF5E514A-724F-4E13-A630-14011BBBB61C}.Debug|Any CPU.Build.0 = Debug|Any CPU
		{DF5E514A-724F-4E13-A630-14011BBBB61C}.Release|Any CPU.ActiveCfg = Release|Any CPU
		{DF5E514A-724F-4E13-A630-14011BBBB61C}.Release|Any CPU.Build.0 = Release|Any CPU
		{7A19A9F9-FAA4-4413-AD13-DF7111CBD2B7}.Debug|Any CPU.ActiveCfg = Debug|Any CPU
		{7A19A9F9-FAA4-4413-AD13-DF7111CBD2B7}.Debug|Any CPU.Build.0 = Debug|Any CPU
		{7A19A9F9-FAA4-4413-AD13-DF7111CBD2B7}.Release|Any CPU.ActiveCfg = Release|Any CPU
		{7A19A9F9-FAA4-4413-AD13-DF7111CBD2B7}.Release|Any CPU.Build.0 = Release|Any CPU
		{9429BBFA-02C2-45FF-B8EA-5E9F195EA15C}.Debug|Any CPU.ActiveCfg = Debug|Any CPU
		{9429BBFA-02C2-45FF-B8EA-5E9F195EA15C}.Debug|Any CPU.Build.0 = Debug|Any CPU
		{9429BBFA-02C2-45FF-B8EA-5E9F195EA15C}.Release|Any CPU.ActiveCfg = Release|Any CPU
		{9429BBFA-02C2-45FF-B8EA-5E9F195EA15C}.Release|Any CPU.Build.0 = Release|Any CPU
		{B78F0D30-1178-4D26-80A9-5B51FAC25E9E}.Debug|Any CPU.ActiveCfg = Debug|Any CPU
		{B78F0D30-1178-4D26-80A9-5B51FAC25E9E}.Debug|Any CPU.Build.0 = Debug|Any CPU
		{B78F0D30-1178-4D26-80A9-5B51FAC25E9E}.Release|Any CPU.ActiveCfg = Release|Any CPU
		{B78F0D30-1178-4D26-80A9-5B51FAC25E9E}.Release|Any CPU.Build.0 = Release|Any CPU
		{E3C75DF0-D668-417B-B37F-BCC778A061E7}.Debug|Any CPU.ActiveCfg = Debug|Any CPU
		{E3C75DF0-D668-417B-B37F-BCC778A061E7}.Debug|Any CPU.Build.0 = Debug|Any CPU
		{E3C75DF0-D668-417B-B37F-BCC778A061E7}.Release|Any CPU.ActiveCfg = Release|Any CPU
		{E3C75DF0-D668-417B-B37F-BCC778A061E7}.Release|Any CPU.Build.0 = Release|Any CPU
		{8ACA7B8C-2188-48B2-B539-C94880F7E7E0}.Debug|Any CPU.ActiveCfg = Debug|Any CPU
		{8ACA7B8C-2188-48B2-B539-C94880F7E7E0}.Debug|Any CPU.Build.0 = Debug|Any CPU
		{8ACA7B8C-2188-48B2-B539-C94880F7E7E0}.Release|Any CPU.ActiveCfg = Release|Any CPU
		{8ACA7B8C-2188-48B2-B539-C94880F7E7E0}.Release|Any CPU.Build.0 = Release|Any CPU
		{91F1E976-C0AE-4749-A62D-9EAEB0086B7B}.Debug|Any CPU.ActiveCfg = Debug|Any CPU
		{91F1E976-C0AE-4749-A62D-9EAEB0086B7B}.Debug|Any CPU.Build.0 = Debug|Any CPU
		{91F1E976-C0AE-4749-A62D-9EAEB0086B7B}.Release|Any CPU.ActiveCfg = Release|Any CPU
		{91F1E976-C0AE-4749-A62D-9EAEB0086B7B}.Release|Any CPU.Build.0 = Release|Any CPU
		{83432918-6455-4B38-97FC-FFCBF15ED3F2}.Debug|Any CPU.ActiveCfg = Debug|Any CPU
		{83432918-6455-4B38-97FC-FFCBF15ED3F2}.Debug|Any CPU.Build.0 = Debug|Any CPU
		{83432918-6455-4B38-97FC-FFCBF15ED3F2}.Release|Any CPU.ActiveCfg = Release|Any CPU
		{83432918-6455-4B38-97FC-FFCBF15ED3F2}.Release|Any CPU.Build.0 = Release|Any CPU
	EndGlobalSection
	GlobalSection(SolutionProperties) = preSolution
		HideSolutionNode = FALSE
	EndGlobalSection
	GlobalSection(NestedProjects) = preSolution
		{DF5E514A-724F-4E13-A630-14011BBBB61C} = {7D68841E-86F8-4A32-B6E3-30ABB5DB9FB2}
		{7A19A9F9-FAA4-4413-AD13-DF7111CBD2B7} = {7D68841E-86F8-4A32-B6E3-30ABB5DB9FB2}
		{B78F0D30-1178-4D26-80A9-5B51FAC25E9E} = {C43414A4-F3BF-4EAE-9A52-370952C6109F}
		{E3C75DF0-D668-417B-B37F-BCC778A061E7} = {DE84EDBF-40C3-4AAD-BED4-2C868C177515}
		{8ACA7B8C-2188-48B2-B539-C94880F7E7E0} = {7D68841E-86F8-4A32-B6E3-30ABB5DB9FB2}
		{91F1E976-C0AE-4749-A62D-9EAEB0086B7B} = {C43414A4-F3BF-4EAE-9A52-370952C6109F}
		{83432918-6455-4B38-97FC-FFCBF15ED3F2} = {DE84EDBF-40C3-4AAD-BED4-2C868C177515}
	EndGlobalSection
	GlobalSection(ExtensibilityGlobals) = postSolution
		SolutionGuid = {28F94200-205A-4A69-84A9-427B804D252F}
	EndGlobalSection
EndGlobal
